
Microsoft Visual Studio Solution File, Format Version 12.00
Project("{2150E333-8FDC-42A3-9474-1A3956D46DE8}") = "Domain", "Domain", "{2EA132D8-090B-45FB-AB09-0457C76FC8C1}"
EndProject
Project("{2150E333-8FDC-42A3-9474-1A3956D46DE8}") = "Infrastructure", "Infrastructure", "{51E2C9C5-8447-4CB8-9297-341CF66E1C26}"
EndProject
Project("{2150E333-8FDC-42A3-9474-1A3956D46DE8}") = "Controllers", "Controllers", "{D319851A-2EF9-42DF-837D-464BEA088E93}"
EndProject
Project("{FAE04EC0-301F-11D3-BF4B-00C04F79EFBC}") = "PatientMgmt.Services.Abstractions", "PatientMgmt.Services.Abstractions\PatientMgmt.Services.Abstractions.csproj", "{3C39016A-92E4-4794-A287-A48D13127B6B}"
EndProject
Project("{FAE04EC0-301F-11D3-BF4B-00C04F79EFBC}") = "PatientMgmt.Services.Tests", "PatientMgmt.Services.Tests\PatientMgmt.Services.Tests.csproj", "{38AC0B52-4308-45D3-BE3D-96931F2F2127}"
EndProject
Project("{FAE04EC0-301F-11D3-BF4B-00C04F79EFBC}") = "PatientMgmt.Infrastracture.Abstractions", "PatientMgmt.Infrastracture.Abstractions\PatientMgmt.Infrastracture.Abstractions.csproj", "{0775DADB-1384-4AB4-8672-44A63340AE60}"
EndProject
Project("{FAE04EC0-301F-11D3-BF4B-00C04F79EFBC}") = "PatientMgmt.Infrastracture.EF", "PatientMgmt.Infrastracture.EF\PatientMgmt.Infrastracture.EF.csproj", "{7E860BF8-6472-4C57-83F4-186A44F83110}"
EndProject
Project("{FAE04EC0-301F-11D3-BF4B-00C04F79EFBC}") = "PatientMgmt.Infrastracture.Tests", "PatientMgmt.Infrastracture.Tests\PatientMgmt.Infrastracture.Tests.csproj", "{C6D8B1ED-B25E-47EE-8C69-D33AEDF9C3E4}"
EndProject
Project("{FAE04EC0-301F-11D3-BF4B-00C04F79EFBC}") = "PatientMgmt.DTO", "PatientMgmt.DTO\PatientMgmt.DTO.csproj", "{120A7FEC-E3EC-4243-96A3-A7679DBC9009}"
EndProject
Project("{FAE04EC0-301F-11D3-BF4B-00C04F79EFBC}") = "PatientMgmt.Models", "PatientMgmt.Models\PatientMgmt.Models.csproj", "{80E972CF-3AE3-4D2D-99F5-03554315194B}"
EndProject
Project("{FAE04EC0-301F-11D3-BF4B-00C04F79EFBC}") = "PatientMgmt.SDK", "PatientMgmt.SDK\PatientMgmt.SDK.csproj", "{D896646D-5F57-49B1-8092-222E98E881E8}"
EndProject
Project("{FAE04EC0-301F-11D3-BF4B-00C04F79EFBC}") = "PatientMgmt.WebAPI1", "PatientMgmt.WebAPI1\PatientMgmt.WebAPI1.csproj", "{F8378CA7-1988-492A-9FD7-0591CB09EB1C}"
EndProject
Project("{FAE04EC0-301F-11D3-BF4B-00C04F79EFBC}") = "PatientMgmt.PatientGrpcService", "PatientMgmt.PatientGrpcService\PatientMgmt.PatientGrpcService.csproj", "{32DC4E50-EE0F-4A63-887E-8F6D247E452B}"
EndProject
Global
	GlobalSection(SolutionConfigurationPlatforms) = preSolution
		Debug|Any CPU = Debug|Any CPU
		Release|Any CPU = Release|Any CPU
	EndGlobalSection
	GlobalSection(NestedProjects) = preSolution
		{3C39016A-92E4-4794-A287-A48D13127B6B} = {2EA132D8-090B-45FB-AB09-0457C76FC8C1}
		{38AC0B52-4308-45D3-BE3D-96931F2F2127} = {2EA132D8-090B-45FB-AB09-0457C76FC8C1}
		{0775DADB-1384-4AB4-8672-44A63340AE60} = {51E2C9C5-8447-4CB8-9297-341CF66E1C26}
		{7E860BF8-6472-4C57-83F4-186A44F83110} = {51E2C9C5-8447-4CB8-9297-341CF66E1C26}
		{C6D8B1ED-B25E-47EE-8C69-D33AEDF9C3E4} = {51E2C9C5-8447-4CB8-9297-341CF66E1C26}
		{F8378CA7-1988-492A-9FD7-0591CB09EB1C} = {D319851A-2EF9-42DF-837D-464BEA088E93}
		{32DC4E50-EE0F-4A63-887E-8F6D247E452B} = {2EA132D8-090B-45FB-AB09-0457C76FC8C1}
	EndGlobalSection
	GlobalSection(ProjectConfigurationPlatforms) = postSolution
		{3C39016A-92E4-4794-A287-A48D13127B6B}.Debug|Any CPU.ActiveCfg = Debug|Any CPU
		{3C39016A-92E4-4794-A287-A48D13127B6B}.Debug|Any CPU.Build.0 = Debug|Any CPU
		{3C39016A-92E4-4794-A287-A48D13127B6B}.Release|Any CPU.ActiveCfg = Release|Any CPU
		{3C39016A-92E4-4794-A287-A48D13127B6B}.Release|Any CPU.Build.0 = Release|Any CPU
		{38AC0B52-4308-45D3-BE3D-96931F2F2127}.Debug|Any CPU.ActiveCfg = Debug|Any CPU
		{38AC0B52-4308-45D3-BE3D-96931F2F2127}.Debug|Any CPU.Build.0 = Debug|Any CPU
		{38AC0B52-4308-45D3-BE3D-96931F2F2127}.Release|Any CPU.ActiveCfg = Release|Any CPU
		{38AC0B52-4308-45D3-BE3D-96931F2F2127}.Release|Any CPU.Build.0 = Release|Any CPU
		{0775DADB-1384-4AB4-8672-44A63340AE60}.Debug|Any CPU.ActiveCfg = Debug|Any CPU
		{0775DADB-1384-4AB4-8672-44A63340AE60}.Debug|Any CPU.Build.0 = Debug|Any CPU
		{0775DADB-1384-4AB4-8672-44A63340AE60}.Release|Any CPU.ActiveCfg = Release|Any CPU
		{0775DADB-1384-4AB4-8672-44A63340AE60}.Release|Any CPU.Build.0 = Release|Any CPU
		{7E860BF8-6472-4C57-83F4-186A44F83110}.Debug|Any CPU.ActiveCfg = Debug|Any CPU
		{7E860BF8-6472-4C57-83F4-186A44F83110}.Debug|Any CPU.Build.0 = Debug|Any CPU
		{7E860BF8-6472-4C57-83F4-186A44F83110}.Release|Any CPU.ActiveCfg = Release|Any CPU
		{7E860BF8-6472-4C57-83F4-186A44F83110}.Release|Any CPU.Build.0 = Release|Any CPU
		{C6D8B1ED-B25E-47EE-8C69-D33AEDF9C3E4}.Debug|Any CPU.ActiveCfg = Debug|Any CPU
		{C6D8B1ED-B25E-47EE-8C69-D33AEDF9C3E4}.Debug|Any CPU.Build.0 = Debug|Any CPU
		{C6D8B1ED-B25E-47EE-8C69-D33AEDF9C3E4}.Release|Any CPU.ActiveCfg = Release|Any CPU
		{C6D8B1ED-B25E-47EE-8C69-D33AEDF9C3E4}.Release|Any CPU.Build.0 = Release|Any CPU
		{120A7FEC-E3EC-4243-96A3-A7679DBC9009}.Debug|Any CPU.ActiveCfg = Debug|Any CPU
		{120A7FEC-E3EC-4243-96A3-A7679DBC9009}.Debug|Any CPU.Build.0 = Debug|Any CPU
		{120A7FEC-E3EC-4243-96A3-A7679DBC9009}.Release|Any CPU.ActiveCfg = Release|Any CPU
		{120A7FEC-E3EC-4243-96A3-A7679DBC9009}.Release|Any CPU.Build.0 = Release|Any CPU
		{80E972CF-3AE3-4D2D-99F5-03554315194B}.Debug|Any CPU.ActiveCfg = Debug|Any CPU
		{80E972CF-3AE3-4D2D-99F5-03554315194B}.Debug|Any CPU.Build.0 = Debug|Any CPU
		{80E972CF-3AE3-4D2D-99F5-03554315194B}.Release|Any CPU.ActiveCfg = Release|Any CPU
		{80E972CF-3AE3-4D2D-99F5-03554315194B}.Release|Any CPU.Build.0 = Release|Any CPU
		{D896646D-5F57-49B1-8092-222E98E881E8}.Debug|Any CPU.ActiveCfg = Debug|Any CPU
		{D896646D-5F57-49B1-8092-222E98E881E8}.Debug|Any CPU.Build.0 = Debug|Any CPU
		{D896646D-5F57-49B1-8092-222E98E881E8}.Release|Any CPU.ActiveCfg = Release|Any CPU
		{D896646D-5F57-49B1-8092-222E98E881E8}.Release|Any CPU.Build.0 = Release|Any CPU
		{F8378CA7-1988-492A-9FD7-0591CB09EB1C}.Debug|Any CPU.ActiveCfg = Debug|Any CPU
		{F8378CA7-1988-492A-9FD7-0591CB09EB1C}.Debug|Any CPU.Build.0 = Debug|Any CPU
		{F8378CA7-1988-492A-9FD7-0591CB09EB1C}.Release|Any CPU.ActiveCfg = Release|Any CPU
		{F8378CA7-1988-492A-9FD7-0591CB09EB1C}.Release|Any CPU.Build.0 = Release|Any CPU
		{32DC4E50-EE0F-4A63-887E-8F6D247E452B}.Debug|Any CPU.ActiveCfg = Debug|Any CPU
		{32DC4E50-EE0F-4A63-887E-8F6D247E452B}.Debug|Any CPU.Build.0 = Debug|Any CPU
		{32DC4E50-EE0F-4A63-887E-8F6D247E452B}.Release|Any CPU.ActiveCfg = Release|Any CPU
		{32DC4E50-EE0F-4A63-887E-8F6D247E452B}.Release|Any CPU.Build.0 = Release|Any CPU
	EndGlobalSection
EndGlobal
